
Microsoft Visual Studio Solution File, Format Version 12.00
# Visual Studio 15
VisualStudioVersion = 15.0.26730.10
MinimumVisualStudioVersion = 10.0.40219.1
Project("{FAE04EC0-301F-11D3-BF4B-00C04F79EFBC}") = "Unikreativ", "Unikreativ\Unikreativ.csproj", "{17F18493-D574-4811-B912-5ED0BE6C9303}"
EndProject
Project("{FAE04EC0-301F-11D3-BF4B-00C04F79EFBC}") = "Unikreativ.Helper", "Unikreativ.Helper\Unikreativ.Helper.csproj", "{B0442760-296E-40CE-BC10-EC3F5358CD56}"
EndProject
Project("{FAE04EC0-301F-11D3-BF4B-00C04F79EFBC}") = "Unikreativ.Services", "Unikreativ.Services\Unikreativ.Services.csproj", "{34E8EF82-392D-4E52-A308-22C0C787E28D}"
EndProject
Project("{FAE04EC0-301F-11D3-BF4B-00C04F79EFBC}") = "Unikreativ.Entities", "Unikreativ.Entities\Unikreativ.Entities.csproj", "{CCE58CCB-66B8-444E-B6DD-903A86111B96}"
EndProject
Project("{FAE04EC0-301F-11D3-BF4B-00C04F79EFBC}") = "Unikreativ.Repositories", "Unikreativ.Entites\Unikreativ.Repositories.csproj", "{248168E6-688D-42E2-81B4-57DA20B0E48C}"
EndProject
Global
	GlobalSection(SolutionConfigurationPlatforms) = preSolution
		Debug|Any CPU = Debug|Any CPU
		Release|Any CPU = Release|Any CPU
	EndGlobalSection
	GlobalSection(ProjectConfigurationPlatforms) = postSolution
		{17F18493-D574-4811-B912-5ED0BE6C9303}.Debug|Any CPU.ActiveCfg = Debug|Any CPU
		{17F18493-D574-4811-B912-5ED0BE6C9303}.Debug|Any CPU.Build.0 = Debug|Any CPU
		{17F18493-D574-4811-B912-5ED0BE6C9303}.Release|Any CPU.ActiveCfg = Release|Any CPU
		{17F18493-D574-4811-B912-5ED0BE6C9303}.Release|Any CPU.Build.0 = Release|Any CPU
		{B0442760-296E-40CE-BC10-EC3F5358CD56}.Debug|Any CPU.ActiveCfg = Debug|Any CPU
		{B0442760-296E-40CE-BC10-EC3F5358CD56}.Debug|Any CPU.Build.0 = Debug|Any CPU
		{B0442760-296E-40CE-BC10-EC3F5358CD56}.Release|Any CPU.ActiveCfg = Release|Any CPU
		{B0442760-296E-40CE-BC10-EC3F5358CD56}.Release|Any CPU.Build.0 = Release|Any CPU
		{34E8EF82-392D-4E52-A308-22C0C787E28D}.Debug|Any CPU.ActiveCfg = Debug|Any CPU
		{34E8EF82-392D-4E52-A308-22C0C787E28D}.Debug|Any CPU.Build.0 = Debug|Any CPU
		{34E8EF82-392D-4E52-A308-22C0C787E28D}.Release|Any CPU.ActiveCfg = Release|Any CPU
		{34E8EF82-392D-4E52-A308-22C0C787E28D}.Release|Any CPU.Build.0 = Release|Any CPU
		{CCE58CCB-66B8-444E-B6DD-903A86111B96}.Debug|Any CPU.ActiveCfg = Debug|Any CPU
		{CCE58CCB-66B8-444E-B6DD-903A86111B96}.Debug|Any CPU.Build.0 = Debug|Any CPU
		{CCE58CCB-66B8-444E-B6DD-903A86111B96}.Release|Any CPU.ActiveCfg = Release|Any CPU
		{CCE58CCB-66B8-444E-B6DD-903A86111B96}.Release|Any CPU.Build.0 = Release|Any CPU
		{248168E6-688D-42E2-81B4-57DA20B0E48C}.Debug|Any CPU.ActiveCfg = Debug|Any CPU
		{248168E6-688D-42E2-81B4-57DA20B0E48C}.Debug|Any CPU.Build.0 = Debug|Any CPU
		{248168E6-688D-42E2-81B4-57DA20B0E48C}.Release|Any CPU.ActiveCfg = Release|Any CPU
		{248168E6-688D-42E2-81B4-57DA20B0E48C}.Release|Any CPU.Build.0 = Release|Any CPU
	EndGlobalSection
	GlobalSection(SolutionProperties) = preSolution
		HideSolutionNode = FALSE
	EndGlobalSection
	GlobalSection(ExtensibilityGlobals) = postSolution
		SolutionGuid = {93D08143-2939-40D1-B731-A2A95264179E}
	EndGlobalSection
EndGlobal
